
Microsoft Visual Studio Solution File, Format Version 12.00
# Visual Studio 15
VisualStudioVersion = 15.0.28307.438
MinimumVisualStudioVersion = 10.0.40219.1
Project("{FAE04EC0-301F-11D3-BF4B-00C04F79EFBC}") = "ServiceCenter", "ServiceCenter\ServiceCenter.csproj", "{E6E5FE3E-3745-495C-A9D4-0F3384E2EAB6}"
EndProject
Global
	GlobalSection(SolutionConfigurationPlatforms) = preSolution
		Debug|Any CPU = Debug|Any CPU
		Release|Any CPU = Release|Any CPU
	EndGlobalSection
	GlobalSection(ProjectConfigurationPlatforms) = postSolution
		{E6E5FE3E-3745-495C-A9D4-0F3384E2EAB6}.Debug|Any CPU.ActiveCfg = Debug|Any CPU
		{E6E5FE3E-3745-495C-A9D4-0F3384E2EAB6}.Debug|Any CPU.Build.0 = Debug|Any CPU
		{E6E5FE3E-3745-495C-A9D4-0F3384E2EAB6}.Release|Any CPU.ActiveCfg = Release|Any CPU
		{E6E5FE3E-3745-495C-A9D4-0F3384E2EAB6}.Release|Any CPU.Build.0 = Release|Any CPU
	EndGlobalSection
	GlobalSection(SolutionProperties) = preSolution
		HideSolutionNode = FALSE
	EndGlobalSection
	GlobalSection(ExtensibilityGlobals) = postSolution
		SolutionGuid = {A9B15551-4874-4E13-AC51-9A39894ACC09}
	EndGlobalSection
EndGlobal
